
Microsoft Visual Studio Solution File, Format Version 12.00
# Visual Studio Version 17
VisualStudioVersion = 17.5.002.0
MinimumVisualStudioVersion = 10.0.40219.1
Project("{9A19103F-16F7-4668-BE54-9A1E7A4F7556}") = "crudelicious", "crudelicious.csproj", "{5BB27D2F-0769-4D66-A6D0-A1647E8A6696}"
EndProject
Global
	GlobalSection(SolutionConfigurationPlatforms) = preSolution
		Debug|Any CPU = Debug|Any CPU
		Release|Any CPU = Release|Any CPU
	EndGlobalSection
	GlobalSection(ProjectConfigurationPlatforms) = postSolution
		{5BB27D2F-0769-4D66-A6D0-A1647E8A6696}.Debug|Any CPU.ActiveCfg = Debug|Any CPU
		{5BB27D2F-0769-4D66-A6D0-A1647E8A6696}.Debug|Any CPU.Build.0 = Debug|Any CPU
		{5BB27D2F-0769-4D66-A6D0-A1647E8A6696}.Release|Any CPU.ActiveCfg = Release|Any CPU
		{5BB27D2F-0769-4D66-A6D0-A1647E8A6696}.Release|Any CPU.Build.0 = Release|Any CPU
	EndGlobalSection
	GlobalSection(SolutionProperties) = preSolution
		HideSolutionNode = FALSE
	EndGlobalSection
	GlobalSection(ExtensibilityGlobals) = postSolution
		SolutionGuid = {832A33F7-F050-4B9D-898E-AEA7BFFD946C}
	EndGlobalSection
EndGlobal
