
Microsoft Visual Studio Solution File, Format Version 12.00
# Visual Studio Version 17
VisualStudioVersion = 17.5.002.0
MinimumVisualStudioVersion = 10.0.40219.1
Project("{9A19103F-16F7-4668-BE54-9A1E7A4F7556}") = "GameDeveloperll", "GameDeveloperll.csproj", "{5A30ECC2-4666-40A9-8FCB-51D5042F21BF}"
EndProject
Global
	GlobalSection(SolutionConfigurationPlatforms) = preSolution
		Debug|Any CPU = Debug|Any CPU
		Release|Any CPU = Release|Any CPU
	EndGlobalSection
	GlobalSection(ProjectConfigurationPlatforms) = postSolution
		{5A30ECC2-4666-40A9-8FCB-51D5042F21BF}.Debug|Any CPU.ActiveCfg = Debug|Any CPU
		{5A30ECC2-4666-40A9-8FCB-51D5042F21BF}.Debug|Any CPU.Build.0 = Debug|Any CPU
		{5A30ECC2-4666-40A9-8FCB-51D5042F21BF}.Release|Any CPU.ActiveCfg = Release|Any CPU
		{5A30ECC2-4666-40A9-8FCB-51D5042F21BF}.Release|Any CPU.Build.0 = Release|Any CPU
	EndGlobalSection
	GlobalSection(SolutionProperties) = preSolution
		HideSolutionNode = FALSE
	EndGlobalSection
	GlobalSection(ExtensibilityGlobals) = postSolution
		SolutionGuid = {AC52D7F9-609B-491F-A82C-13F30A418C62}
	EndGlobalSection
EndGlobal
