
Microsoft Visual Studio Solution File, Format Version 12.00
# Visual Studio Version 17
VisualStudioVersion = 17.5.002.0
MinimumVisualStudioVersion = 10.0.40219.1
Project("{9A19103F-16F7-4668-BE54-9A1E7A4F7556}") = "DojoSurvey", "DojoSurvey.csproj", "{87C95B11-3CB9-488D-A861-0DFCECA61DA5}"
EndProject
Global
	GlobalSection(SolutionConfigurationPlatforms) = preSolution
		Debug|Any CPU = Debug|Any CPU
		Release|Any CPU = Release|Any CPU
	EndGlobalSection
	GlobalSection(ProjectConfigurationPlatforms) = postSolution
		{87C95B11-3CB9-488D-A861-0DFCECA61DA5}.Debug|Any CPU.ActiveCfg = Debug|Any CPU
		{87C95B11-3CB9-488D-A861-0DFCECA61DA5}.Debug|Any CPU.Build.0 = Debug|Any CPU
		{87C95B11-3CB9-488D-A861-0DFCECA61DA5}.Release|Any CPU.ActiveCfg = Release|Any CPU
		{87C95B11-3CB9-488D-A861-0DFCECA61DA5}.Release|Any CPU.Build.0 = Release|Any CPU
	EndGlobalSection
	GlobalSection(SolutionProperties) = preSolution
		HideSolutionNode = FALSE
	EndGlobalSection
	GlobalSection(ExtensibilityGlobals) = postSolution
		SolutionGuid = {A735B33E-971A-40FE-A9FF-DECF60E26104}
	EndGlobalSection
EndGlobal
